
Microsoft Visual Studio Solution File, Format Version 12.00
# Visual Studio Version 16
VisualStudioVersion = 16.0.28721.148
MinimumVisualStudioVersion = 10.0.40219.1
Project("{FAE04EC0-301F-11D3-BF4B-00C04F79EFBC}") = "Rodjenihm.Lib.MojBroj", "Rodjenihm.Lib.MojBroj\Rodjenihm.Lib.MojBroj.csproj", "{3C5D77EB-0274-4743-A45D-93A0F8BBE7D8}"
EndProject
Global
	GlobalSection(SolutionConfigurationPlatforms) = preSolution
		Debug|Any CPU = Debug|Any CPU
		Release|Any CPU = Release|Any CPU
	EndGlobalSection
	GlobalSection(ProjectConfigurationPlatforms) = postSolution
		{3C5D77EB-0274-4743-A45D-93A0F8BBE7D8}.Debug|Any CPU.ActiveCfg = Debug|Any CPU
		{3C5D77EB-0274-4743-A45D-93A0F8BBE7D8}.Debug|Any CPU.Build.0 = Debug|Any CPU
		{3C5D77EB-0274-4743-A45D-93A0F8BBE7D8}.Release|Any CPU.ActiveCfg = Release|Any CPU
		{3C5D77EB-0274-4743-A45D-93A0F8BBE7D8}.Release|Any CPU.Build.0 = Release|Any CPU
	EndGlobalSection
	GlobalSection(SolutionProperties) = preSolution
		HideSolutionNode = FALSE
	EndGlobalSection
	GlobalSection(ExtensibilityGlobals) = postSolution
		SolutionGuid = {4E462B37-E514-477E-92C8-BA5CB923CB6A}
	EndGlobalSection
EndGlobal
